
Microsoft Visual Studio Solution File, Format Version 12.00
# Visual Studio Version 16
VisualStudioVersion = 16.0.30717.126
MinimumVisualStudioVersion = 10.0.40219.1
Project("{9A19103F-16F7-4668-BE54-9A1E7A4F7556}") = "DevExpressGrid.Extensions", "DevExpressGrid.Extensions\DevExpressGrid.Extensions.csproj", "{0E99F831-6E82-46AC-A6A0-2408272F8621}"
EndProject
Project("{9A19103F-16F7-4668-BE54-9A1E7A4F7556}") = "DevExpressGrid.Presentation", "DevExpressGrid.Presentation\DevExpressGrid.Presentation.csproj", "{F6013BB2-F2BA-4CAA-80F6-D6CE3AE141BA}"
EndProject
Global
	GlobalSection(SolutionConfigurationPlatforms) = preSolution
		Debug|Any CPU = Debug|Any CPU
		Release|Any CPU = Release|Any CPU
	EndGlobalSection
	GlobalSection(ProjectConfigurationPlatforms) = postSolution
		{0E99F831-6E82-46AC-A6A0-2408272F8621}.Debug|Any CPU.ActiveCfg = Debug|Any CPU
		{0E99F831-6E82-46AC-A6A0-2408272F8621}.Debug|Any CPU.Build.0 = Debug|Any CPU
		{0E99F831-6E82-46AC-A6A0-2408272F8621}.Release|Any CPU.ActiveCfg = Release|Any CPU
		{0E99F831-6E82-46AC-A6A0-2408272F8621}.Release|Any CPU.Build.0 = Release|Any CPU
		{F6013BB2-F2BA-4CAA-80F6-D6CE3AE141BA}.Debug|Any CPU.ActiveCfg = Debug|Any CPU
		{F6013BB2-F2BA-4CAA-80F6-D6CE3AE141BA}.Debug|Any CPU.Build.0 = Debug|Any CPU
		{F6013BB2-F2BA-4CAA-80F6-D6CE3AE141BA}.Release|Any CPU.ActiveCfg = Release|Any CPU
		{F6013BB2-F2BA-4CAA-80F6-D6CE3AE141BA}.Release|Any CPU.Build.0 = Release|Any CPU
	EndGlobalSection
	GlobalSection(SolutionProperties) = preSolution
		HideSolutionNode = FALSE
	EndGlobalSection
	GlobalSection(ExtensibilityGlobals) = postSolution
		SolutionGuid = {3FE14DD0-DE6B-4199-9C17-5BDDE4E6824D}
	EndGlobalSection
EndGlobal
